
Microsoft Visual Studio Solution File, Format Version 12.00
# Visual Studio Version 16
VisualStudioVersion = 16.0.31424.327
MinimumVisualStudioVersion = 10.0.40219.1
Project("{9A19103F-16F7-4668-BE54-9A1E7A4F7556}") = "StoreGoodsWebAPP", "StoreGoodsWebAPP\StoreGoodsWebAPP.csproj", "{A340E14D-4EC6-4CDA-8F83-CF97F3164478}"
EndProject
Project("{2150E333-8FDC-42A3-9474-1A3956D46DE8}") = "Core", "Core", "{D5761725-0EBF-404C-BF53-2042C6ACDFCC}"
EndProject
Project("{2150E333-8FDC-42A3-9474-1A3956D46DE8}") = "Infrasturcture", "Infrasturcture", "{6C802BF4-E733-464B-87FE-B607F3DB846C}"
EndProject
Project("{2150E333-8FDC-42A3-9474-1A3956D46DE8}") = "Presentation", "Presentation", "{49A4B20C-EB27-41F6-896A-5D4870F44430}"
EndProject
Project("{9A19103F-16F7-4668-BE54-9A1E7A4F7556}") = "Domain", "Domain\Domain.csproj", "{5943C95E-D27C-4F16-ABBA-220C70FE0CB6}"
EndProject
Project("{9A19103F-16F7-4668-BE54-9A1E7A4F7556}") = "Persistence", "Persistence\Persistence.csproj", "{E19E4A2E-F72B-4A2C-A177-D1A159D8216A}"
EndProject
Global
	GlobalSection(SolutionConfigurationPlatforms) = preSolution
		Debug|Any CPU = Debug|Any CPU
		Release|Any CPU = Release|Any CPU
	EndGlobalSection
	GlobalSection(ProjectConfigurationPlatforms) = postSolution
		{A340E14D-4EC6-4CDA-8F83-CF97F3164478}.Debug|Any CPU.ActiveCfg = Debug|Any CPU
		{A340E14D-4EC6-4CDA-8F83-CF97F3164478}.Debug|Any CPU.Build.0 = Debug|Any CPU
		{A340E14D-4EC6-4CDA-8F83-CF97F3164478}.Release|Any CPU.ActiveCfg = Release|Any CPU
		{A340E14D-4EC6-4CDA-8F83-CF97F3164478}.Release|Any CPU.Build.0 = Release|Any CPU
		{5943C95E-D27C-4F16-ABBA-220C70FE0CB6}.Debug|Any CPU.ActiveCfg = Debug|Any CPU
		{5943C95E-D27C-4F16-ABBA-220C70FE0CB6}.Debug|Any CPU.Build.0 = Debug|Any CPU
		{5943C95E-D27C-4F16-ABBA-220C70FE0CB6}.Release|Any CPU.ActiveCfg = Release|Any CPU
		{5943C95E-D27C-4F16-ABBA-220C70FE0CB6}.Release|Any CPU.Build.0 = Release|Any CPU
		{E19E4A2E-F72B-4A2C-A177-D1A159D8216A}.Debug|Any CPU.ActiveCfg = Debug|Any CPU
		{E19E4A2E-F72B-4A2C-A177-D1A159D8216A}.Debug|Any CPU.Build.0 = Debug|Any CPU
		{E19E4A2E-F72B-4A2C-A177-D1A159D8216A}.Release|Any CPU.ActiveCfg = Release|Any CPU
		{E19E4A2E-F72B-4A2C-A177-D1A159D8216A}.Release|Any CPU.Build.0 = Release|Any CPU
	EndGlobalSection
	GlobalSection(SolutionProperties) = preSolution
		HideSolutionNode = FALSE
	EndGlobalSection
	GlobalSection(NestedProjects) = preSolution
		{A340E14D-4EC6-4CDA-8F83-CF97F3164478} = {49A4B20C-EB27-41F6-896A-5D4870F44430}
		{5943C95E-D27C-4F16-ABBA-220C70FE0CB6} = {D5761725-0EBF-404C-BF53-2042C6ACDFCC}
		{E19E4A2E-F72B-4A2C-A177-D1A159D8216A} = {6C802BF4-E733-464B-87FE-B607F3DB846C}
	EndGlobalSection
	GlobalSection(ExtensibilityGlobals) = postSolution
		SolutionGuid = {4CA4F01E-FCF3-4D8B-A058-37909ADA06D7}
	EndGlobalSection
EndGlobal
